
Microsoft Visual Studio Solution File, Format Version 12.00
# Visual Studio 15
VisualStudioVersion = 15.0.28307.136
MinimumVisualStudioVersion = 10.0.40219.1
Project("{FAE04EC0-301F-11D3-BF4B-00C04F79EFBC}") = "olescan", "oletriage\olescan.csproj", "{49582EB4-306D-4B12-85B1-A977944B360C}"
EndProject
Global
	GlobalSection(SolutionConfigurationPlatforms) = preSolution
		Debug|Any CPU = Debug|Any CPU
		Release|Any CPU = Release|Any CPU
	EndGlobalSection
	GlobalSection(ProjectConfigurationPlatforms) = postSolution
		{49582EB4-306D-4B12-85B1-A977944B360C}.Debug|Any CPU.ActiveCfg = Debug|Any CPU
		{49582EB4-306D-4B12-85B1-A977944B360C}.Debug|Any CPU.Build.0 = Debug|Any CPU
		{49582EB4-306D-4B12-85B1-A977944B360C}.Release|Any CPU.ActiveCfg = Release|Any CPU
		{49582EB4-306D-4B12-85B1-A977944B360C}.Release|Any CPU.Build.0 = Release|Any CPU
	EndGlobalSection
	GlobalSection(SolutionProperties) = preSolution
		HideSolutionNode = FALSE
	EndGlobalSection
	GlobalSection(ExtensibilityGlobals) = postSolution
		SolutionGuid = {E39B6A19-AB77-4017-96DA-17E4638667FD}
	EndGlobalSection
EndGlobal
