
Microsoft Visual Studio Solution File, Format Version 12.00
# Visual Studio 15
VisualStudioVersion = 15.0.28307.136
MinimumVisualStudioVersion = 10.0.40219.1
Project("{FAE04EC0-301F-11D3-BF4B-00C04F79EFBC}") = "olescan", "oletriage\olescan.csproj", "{49582EB4-306D-4B12-85B1-A977944B360C}"
EndProject
Project("{2150E333-8FDC-42A3-9474-1A3956D46DE8}") = "Debug", "Debug", "{41C1DB92-C0FE-4367-ADF6-F7441F8BC480}"
	ProjectSection(SolutionItems) = preProject
		oletriage\bin\Debug\CommandLine.dll = oletriage\bin\Debug\CommandLine.dll
		oletriage\bin\Debug\CommandLine.xml = oletriage\bin\Debug\CommandLine.xml
		oletriage\bin\Debug\CsvHelper.dll = oletriage\bin\Debug\CsvHelper.dll
		oletriage\bin\Debug\CsvHelper.xml = oletriage\bin\Debug\CsvHelper.xml
		oletriage\bin\Debug\olescan.exe = oletriage\bin\Debug\olescan.exe
		oletriage\bin\Debug\olescan.exe.config = oletriage\bin\Debug\olescan.exe.config
		oletriage\bin\Debug\olescan.pdb = oletriage\bin\Debug\olescan.pdb
		oletriage\bin\Debug\System.ValueTuple.dll = oletriage\bin\Debug\System.ValueTuple.dll
		oletriage\bin\Debug\System.ValueTuple.xml = oletriage\bin\Debug\System.ValueTuple.xml
	EndProjectSection
EndProject
Global
	GlobalSection(SolutionConfigurationPlatforms) = preSolution
		Debug|Any CPU = Debug|Any CPU
		Release|Any CPU = Release|Any CPU
	EndGlobalSection
	GlobalSection(ProjectConfigurationPlatforms) = postSolution
		{49582EB4-306D-4B12-85B1-A977944B360C}.Debug|Any CPU.ActiveCfg = Debug|Any CPU
		{49582EB4-306D-4B12-85B1-A977944B360C}.Debug|Any CPU.Build.0 = Debug|Any CPU
		{49582EB4-306D-4B12-85B1-A977944B360C}.Release|Any CPU.ActiveCfg = Release|Any CPU
		{49582EB4-306D-4B12-85B1-A977944B360C}.Release|Any CPU.Build.0 = Release|Any CPU
	EndGlobalSection
	GlobalSection(SolutionProperties) = preSolution
		HideSolutionNode = FALSE
	EndGlobalSection
	GlobalSection(ExtensibilityGlobals) = postSolution
		SolutionGuid = {E39B6A19-AB77-4017-96DA-17E4638667FD}
	EndGlobalSection
EndGlobal
